
Microsoft Visual Studio Solution File, Format Version 12.00
# Visual Studio Version 17
VisualStudioVersion = 17.2.32602.215
MinimumVisualStudioVersion = 10.0.40219.1
Project("{9A19103F-16F7-4668-BE54-9A1E7A4F7556}") = "CardPaymentServiceAPI", "CardPaymentServiceAPI\CardPaymentServiceAPI.csproj", "{B623B627-DE2E-43B0-8E25-B727A8DB9784}"
EndProject
Project("{FAE04EC0-301F-11D3-BF4B-00C04F79EFBC}") = "CardPaymentReoccurringService", "CardPaymentReoccurringService\CardPaymentReoccurringService.csproj", "{94EF1524-63E5-477B-921E-1996944EF1F9}"
EndProject
Global
	GlobalSection(SolutionConfigurationPlatforms) = preSolution
		Debug|Any CPU = Debug|Any CPU
		Release|Any CPU = Release|Any CPU
	EndGlobalSection
	GlobalSection(ProjectConfigurationPlatforms) = postSolution
		{B623B627-DE2E-43B0-8E25-B727A8DB9784}.Debug|Any CPU.ActiveCfg = Debug|Any CPU
		{B623B627-DE2E-43B0-8E25-B727A8DB9784}.Debug|Any CPU.Build.0 = Debug|Any CPU
		{B623B627-DE2E-43B0-8E25-B727A8DB9784}.Release|Any CPU.ActiveCfg = Release|Any CPU
		{B623B627-DE2E-43B0-8E25-B727A8DB9784}.Release|Any CPU.Build.0 = Release|Any CPU
		{94EF1524-63E5-477B-921E-1996944EF1F9}.Debug|Any CPU.ActiveCfg = Debug|Any CPU
		{94EF1524-63E5-477B-921E-1996944EF1F9}.Debug|Any CPU.Build.0 = Debug|Any CPU
		{94EF1524-63E5-477B-921E-1996944EF1F9}.Release|Any CPU.ActiveCfg = Release|Any CPU
		{94EF1524-63E5-477B-921E-1996944EF1F9}.Release|Any CPU.Build.0 = Release|Any CPU
	EndGlobalSection
	GlobalSection(SolutionProperties) = preSolution
		HideSolutionNode = FALSE
	EndGlobalSection
	GlobalSection(ExtensibilityGlobals) = postSolution
		SolutionGuid = {90AA1CDD-E7B4-4A95-84D7-69D7C4E11103}
	EndGlobalSection
EndGlobal
